{
  "name": "chinese-tokenizer",
  "version": "2.0.0",
  "lockfileVersion": 1,
  "requires": true,
  "dependencies": {
    "cedict-lookup": {
      "version": "0.0.2",
      "resolved": "https://registry.npmjs.org/cedict-lookup/-/cedict-lookup-0.0.2.tgz",
      "integrity": "sha1-GX6OyqBJNqlJn3PZlJapixEOgUs="
    },
    "prettify-pinyin": {
      "version": "0.1.5",
      "resolved": "https://registry.npmjs.org/prettify-pinyin/-/prettify-pinyin-0.1.5.tgz",
      "integrity": "sha1-2h+eqPCHaMI8gwBkKW6sK+Bby1E="
    }
  }
}
